{
  "object": {
    "pins": [
      {
        "package": "MRZParser",
        "repositoryURL": "https://github.com/appintheair/MRZParser.git",
        "state": {
          "branch": null,
          "revision": "98ef7d43a98991b0296e993f76562ebd29038595",
          "version": "1.1.2"
        }
      },
      {
        "package": "MRZScanner",
        "repositoryURL": "https://github.com/artursare/MRZScanner",
        "state": {
          "branch": "develop",
          "revision": "0c81248d81a84bb762ba8506962f3d66ce06ce5c",
          "version": null
        }
      },
      {
        "package": "Networking",
        "repositoryURL": "https://github.com/freshOS/Networking",
        "state": {
          "branch": null,
          "revision": "738c718aa9db9e5178cda9ad65859763f107ac63",
          "version": "0.3.3"
        }
      }
    ]
  },
  "version": 1
}
